
Microsoft Visual Studio Solution File, Format Version 12.00
# Visual Studio Version 17
VisualStudioVersion = 17.4.33205.214
MinimumVisualStudioVersion = 10.0.40219.1
Project("{9A19103F-16F7-4668-BE54-9A1E7A4F7556}") = "Invoices", "Invoices.csproj", "{D90C58D9-FD7A-4EB5-9C92-46BAC7696661}"
EndProject
Global
	GlobalSection(SolutionConfigurationPlatforms) = preSolution
		Debug|Any CPU = Debug|Any CPU
		Release|Any CPU = Release|Any CPU
	EndGlobalSection
	GlobalSection(ProjectConfigurationPlatforms) = postSolution
		{D90C58D9-FD7A-4EB5-9C92-46BAC7696661}.Debug|Any CPU.ActiveCfg = Debug|Any CPU
		{D90C58D9-FD7A-4EB5-9C92-46BAC7696661}.Debug|Any CPU.Build.0 = Debug|Any CPU
		{D90C58D9-FD7A-4EB5-9C92-46BAC7696661}.Release|Any CPU.ActiveCfg = Release|Any CPU
		{D90C58D9-FD7A-4EB5-9C92-46BAC7696661}.Release|Any CPU.Build.0 = Release|Any CPU
	EndGlobalSection
	GlobalSection(SolutionProperties) = preSolution
		HideSolutionNode = FALSE
	EndGlobalSection
	GlobalSection(ExtensibilityGlobals) = postSolution
		SolutionGuid = {36B67123-AF9E-4B76-996C-C1E8240C06B6}
	EndGlobalSection
EndGlobal
