
Microsoft Visual Studio Solution File, Format Version 12.00
# Visual Studio Version 16
VisualStudioVersion = 16.0.30406.217
MinimumVisualStudioVersion = 10.0.40219.1
Project("{9A19103F-16F7-4668-BE54-9A1E7A4F7556}") = "1.StudentSystem", "1.StudentSystem\1.StudentSystem.csproj", "{B9DD4F4F-5441-477F-806E-44932779ED12}"
EndProject
Project("{FAE04EC0-301F-11D3-BF4B-00C04F79EFBC}") = "EntityRelations", "EntityRelations\EntityRelations.csproj", "{617E079D-DD9C-4D77-9966-26FC1A606FA9}"
EndProject
Global
	GlobalSection(SolutionConfigurationPlatforms) = preSolution
		Debug|Any CPU = Debug|Any CPU
		Release|Any CPU = Release|Any CPU
	EndGlobalSection
	GlobalSection(ProjectConfigurationPlatforms) = postSolution
		{B9DD4F4F-5441-477F-806E-44932779ED12}.Debug|Any CPU.ActiveCfg = Debug|Any CPU
		{B9DD4F4F-5441-477F-806E-44932779ED12}.Debug|Any CPU.Build.0 = Debug|Any CPU
		{B9DD4F4F-5441-477F-806E-44932779ED12}.Release|Any CPU.ActiveCfg = Release|Any CPU
		{B9DD4F4F-5441-477F-806E-44932779ED12}.Release|Any CPU.Build.0 = Release|Any CPU
		{617E079D-DD9C-4D77-9966-26FC1A606FA9}.Debug|Any CPU.ActiveCfg = Debug|Any CPU
		{617E079D-DD9C-4D77-9966-26FC1A606FA9}.Debug|Any CPU.Build.0 = Debug|Any CPU
		{617E079D-DD9C-4D77-9966-26FC1A606FA9}.Release|Any CPU.ActiveCfg = Release|Any CPU
		{617E079D-DD9C-4D77-9966-26FC1A606FA9}.Release|Any CPU.Build.0 = Release|Any CPU
	EndGlobalSection
	GlobalSection(SolutionProperties) = preSolution
		HideSolutionNode = FALSE
	EndGlobalSection
	GlobalSection(ExtensibilityGlobals) = postSolution
		SolutionGuid = {17281850-B96F-4075-8F6B-434DEA70F555}
	EndGlobalSection
EndGlobal
